
Microsoft Visual Studio Solution File, Format Version 12.00
# Visual Studio Version 17
VisualStudioVersion = 17.4.33213.308
MinimumVisualStudioVersion = 10.0.40219.1
Project("{9A19103F-16F7-4668-BE54-9A1E7A4F7556}") = "HallRoomBook", "HallRoomBook\HallRoomBook.csproj", "{E1665687-3786-46B6-8DE7-45BF3113ADD1}"
EndProject
Project("{FAE04EC0-301F-11D3-BF4B-00C04F79EFBC}") = "Services", "Services\Services.csproj", "{4CC2B98E-D855-4DA3-828F-43649467B345}"
EndProject
Project("{FAE04EC0-301F-11D3-BF4B-00C04F79EFBC}") = "Models", "Models\Models.csproj", "{66CF0041-AFF8-49A0-A8A2-57372912CB1A}"
EndProject
Global
	GlobalSection(SolutionConfigurationPlatforms) = preSolution
		Debug|Any CPU = Debug|Any CPU
		Release|Any CPU = Release|Any CPU
	EndGlobalSection
	GlobalSection(ProjectConfigurationPlatforms) = postSolution
		{E1665687-3786-46B6-8DE7-45BF3113ADD1}.Debug|Any CPU.ActiveCfg = Debug|Any CPU
		{E1665687-3786-46B6-8DE7-45BF3113ADD1}.Debug|Any CPU.Build.0 = Debug|Any CPU
		{E1665687-3786-46B6-8DE7-45BF3113ADD1}.Release|Any CPU.ActiveCfg = Release|Any CPU
		{E1665687-3786-46B6-8DE7-45BF3113ADD1}.Release|Any CPU.Build.0 = Release|Any CPU
		{4CC2B98E-D855-4DA3-828F-43649467B345}.Debug|Any CPU.ActiveCfg = Debug|Any CPU
		{4CC2B98E-D855-4DA3-828F-43649467B345}.Debug|Any CPU.Build.0 = Debug|Any CPU
		{4CC2B98E-D855-4DA3-828F-43649467B345}.Release|Any CPU.ActiveCfg = Release|Any CPU
		{4CC2B98E-D855-4DA3-828F-43649467B345}.Release|Any CPU.Build.0 = Release|Any CPU
		{66CF0041-AFF8-49A0-A8A2-57372912CB1A}.Debug|Any CPU.ActiveCfg = Debug|Any CPU
		{66CF0041-AFF8-49A0-A8A2-57372912CB1A}.Debug|Any CPU.Build.0 = Debug|Any CPU
		{66CF0041-AFF8-49A0-A8A2-57372912CB1A}.Release|Any CPU.ActiveCfg = Release|Any CPU
		{66CF0041-AFF8-49A0-A8A2-57372912CB1A}.Release|Any CPU.Build.0 = Release|Any CPU
	EndGlobalSection
	GlobalSection(SolutionProperties) = preSolution
		HideSolutionNode = FALSE
	EndGlobalSection
	GlobalSection(ExtensibilityGlobals) = postSolution
		SolutionGuid = {08A1A3FB-ED6F-4E0D-9AAB-CF8BEA0F4451}
	EndGlobalSection
EndGlobal
